
Microsoft Visual Studio Solution File, Format Version 12.00
# Visual Studio Version 17
VisualStudioVersion = 17.0.31919.166
MinimumVisualStudioVersion = 10.0.40219.1
Project("{9A19103F-16F7-4668-BE54-9A1E7A4F7556}") = "MvcApp", "MvcApp\MvcApp.csproj", "{C4CB0C42-918E-495F-98AF-6FF421F32D31}"
EndProject
Project("{9A19103F-16F7-4668-BE54-9A1E7A4F7556}") = "DataAccess", "DataAccess\DataAccess.csproj", "{FDC8F4B3-6F49-46EF-A9B5-02C0D3F9972B}"
EndProject
Project("{FAE04EC0-301F-11D3-BF4B-00C04F79EFBC}") = "DemoApi", "DemoApi\DemoApi.csproj", "{024CCC42-2E14-4A4D-9588-04BBA699F27E}"
EndProject
Global
	GlobalSection(SolutionConfigurationPlatforms) = preSolution
		Debug|Any CPU = Debug|Any CPU
		Release|Any CPU = Release|Any CPU
	EndGlobalSection
	GlobalSection(ProjectConfigurationPlatforms) = postSolution
		{C4CB0C42-918E-495F-98AF-6FF421F32D31}.Debug|Any CPU.ActiveCfg = Debug|Any CPU
		{C4CB0C42-918E-495F-98AF-6FF421F32D31}.Debug|Any CPU.Build.0 = Debug|Any CPU
		{C4CB0C42-918E-495F-98AF-6FF421F32D31}.Release|Any CPU.ActiveCfg = Release|Any CPU
		{C4CB0C42-918E-495F-98AF-6FF421F32D31}.Release|Any CPU.Build.0 = Release|Any CPU
		{FDC8F4B3-6F49-46EF-A9B5-02C0D3F9972B}.Debug|Any CPU.ActiveCfg = Debug|Any CPU
		{FDC8F4B3-6F49-46EF-A9B5-02C0D3F9972B}.Debug|Any CPU.Build.0 = Debug|Any CPU
		{FDC8F4B3-6F49-46EF-A9B5-02C0D3F9972B}.Release|Any CPU.ActiveCfg = Release|Any CPU
		{FDC8F4B3-6F49-46EF-A9B5-02C0D3F9972B}.Release|Any CPU.Build.0 = Release|Any CPU
		{024CCC42-2E14-4A4D-9588-04BBA699F27E}.Debug|Any CPU.ActiveCfg = Debug|Any CPU
		{024CCC42-2E14-4A4D-9588-04BBA699F27E}.Debug|Any CPU.Build.0 = Debug|Any CPU
		{024CCC42-2E14-4A4D-9588-04BBA699F27E}.Release|Any CPU.ActiveCfg = Release|Any CPU
		{024CCC42-2E14-4A4D-9588-04BBA699F27E}.Release|Any CPU.Build.0 = Release|Any CPU
	EndGlobalSection
	GlobalSection(SolutionProperties) = preSolution
		HideSolutionNode = FALSE
	EndGlobalSection
	GlobalSection(ExtensibilityGlobals) = postSolution
		SolutionGuid = {6DA3A745-1155-4F04-8615-A6FC925B1402}
	EndGlobalSection
EndGlobal
